
Microsoft Visual Studio Solution File, Format Version 12.00
# Visual Studio Version 16
VisualStudioVersion = 16.0.30523.141
MinimumVisualStudioVersion = 10.0.40219.1
Project("{FAE04EC0-301F-11D3-BF4B-00C04F79EFBC}") = "WcfService1", "WcfService1\WcfService1.csproj", "{0EDCBF62-43B2-4D50-9A27-726BADBDA072}"
EndProject
Global
	GlobalSection(SolutionConfigurationPlatforms) = preSolution
		Debug|Any CPU = Debug|Any CPU
		Release|Any CPU = Release|Any CPU
	EndGlobalSection
	GlobalSection(ProjectConfigurationPlatforms) = postSolution
		{0EDCBF62-43B2-4D50-9A27-726BADBDA072}.Debug|Any CPU.ActiveCfg = Debug|Any CPU
		{0EDCBF62-43B2-4D50-9A27-726BADBDA072}.Debug|Any CPU.Build.0 = Debug|Any CPU
		{0EDCBF62-43B2-4D50-9A27-726BADBDA072}.Release|Any CPU.ActiveCfg = Release|Any CPU
		{0EDCBF62-43B2-4D50-9A27-726BADBDA072}.Release|Any CPU.Build.0 = Release|Any CPU
	EndGlobalSection
	GlobalSection(SolutionProperties) = preSolution
		HideSolutionNode = FALSE
	EndGlobalSection
	GlobalSection(ExtensibilityGlobals) = postSolution
		SolutionGuid = {E4758C43-8A97-46E6-84A4-5F406D030499}
	EndGlobalSection
EndGlobal
